
Microsoft Visual Studio Solution File, Format Version 12.00
# Visual Studio Version 16
VisualStudioVersion = 16.0.31402.337
MinimumVisualStudioVersion = 10.0.40219.1
Project("{FAE04EC0-301F-11D3-BF4B-00C04F79EFBC}") = "PalindromeNumber", "PalindromeNumber.csproj", "{CEBBC8FB-AF0F-4053-A510-C5426E830A98}"
EndProject
Global
	GlobalSection(SolutionConfigurationPlatforms) = preSolution
		Debug|Any CPU = Debug|Any CPU
		Release|Any CPU = Release|Any CPU
	EndGlobalSection
	GlobalSection(ProjectConfigurationPlatforms) = postSolution
		{CEBBC8FB-AF0F-4053-A510-C5426E830A98}.Debug|Any CPU.ActiveCfg = Debug|Any CPU
		{CEBBC8FB-AF0F-4053-A510-C5426E830A98}.Debug|Any CPU.Build.0 = Debug|Any CPU
		{CEBBC8FB-AF0F-4053-A510-C5426E830A98}.Release|Any CPU.ActiveCfg = Release|Any CPU
		{CEBBC8FB-AF0F-4053-A510-C5426E830A98}.Release|Any CPU.Build.0 = Release|Any CPU
	EndGlobalSection
	GlobalSection(SolutionProperties) = preSolution
		HideSolutionNode = FALSE
	EndGlobalSection
	GlobalSection(ExtensibilityGlobals) = postSolution
		SolutionGuid = {092308C1-310B-49E8-8390-22DFA000D76D}
	EndGlobalSection
EndGlobal
